// !$*UTF8*$!
{
	archiveVersion = 1;
	classes = {
	};
	objectVersion = 50;
	objects = {

/* Begin PBXBuildFile section */
		7BA0FA8724758D140041F7E0 /* AppDelegate.swift in Sources */ = {isa = PBXBuildFile; fileRef = 7BA0FA8624758D140041F7E0 /* AppDelegate.swift */; };
		7BA0FA8924758D140041F7E0 /* SceneDelegate.swift in Sources */ = {isa = PBXBuildFile; fileRef = 7BA0FA8824758D140041F7E0 /* SceneDelegate.swift */; };
		7BA0FA8B24758D140041F7E0 /* ViewController.swift in Sources */ = {isa = PBXBuildFile; fileRef = 7BA0FA8A24758D140041F7E0 /* ViewController.swift */; };
		7BA0FA8E24758D140041F7E0 /* Main.storyboard in Resources */ = {isa = PBXBuildFile; fileRef = 7BA0FA8C24758D140041F7E0 /* Main.storyboard */; };
		7BA0FA9024758D160041F7E0 /* Assets.xcassets in Resources */ = {isa = PBXBuildFile; fileRef = 7BA0FA8F24758D160041F7E0 /* Assets.xcassets */; };
		7BA0FA9324758D160041F7E0 /* LaunchScreen.storyboard in Resources */ = {isa = PBXBuildFile; fileRef = 7BA0FA9124758D160041F7E0 /* LaunchScreen.storyboard */; };
		7BA0FA9B24759A520041F7E0 /* CategoryTableViewController.swift in Sources */ = {isa = PBXBuildFile; fileRef = 7BA0FA9A24759A520041F7E0 /* CategoryTableViewController.swift */; };
		7BA0FA9D24759A740041F7E0 /* MenuTableViewController.swift in Sources */ = {isa = PBXBuildFile; fileRef = 7BA0FA9C24759A740041F7E0 /* MenuTableViewController.swift */; };
		7BA0FA9F24759A840041F7E0 /* OrderTableViewController.swift in Sources */ = {isa = PBXBuildFile; fileRef = 7BA0FA9E24759A840041F7E0 /* OrderTableViewController.swift */; };
		7BA0FAA124759DD30041F7E0 /* MenuItemDetailViewController.swift in Sources */ = {isa = PBXBuildFile; fileRef = 7BA0FAA024759DD30041F7E0 /* MenuItemDetailViewController.swift */; };
		7BA0FAA324759E590041F7E0 /* MenuItem.swift in Sources */ = {isa = PBXBuildFile; fileRef = 7BA0FAA224759E590041F7E0 /* MenuItem.swift */; };
		7BA0FAA524759F2C0041F7E0 /* IntermediaryModels.swift in Sources */ = {isa = PBXBuildFile; fileRef = 7BA0FAA424759F2C0041F7E0 /* IntermediaryModels.swift */; };
		7BA0FAA924759FCB0041F7E0 /* Order.swift in Sources */ = {isa = PBXBuildFile; fileRef = 7BA0FAA824759FCB0041F7E0 /* Order.swift */; };
		7BA0FAAB2475A0DF0041F7E0 /* MenuController.swift in Sources */ = {isa = PBXBuildFile; fileRef = 7BA0FAAA2475A0DF0041F7E0 /* MenuController.swift */; };
		7BA0FAAD2475E5500041F7E0 /* OrderConfirmationViewController.swift in Sources */ = {isa = PBXBuildFile; fileRef = 7BA0FAAC2475E5500041F7E0 /* OrderConfirmationViewController.swift */; };
/* End PBXBuildFile section */

/* Begin PBXFileReference section */
		7BA0FA8324758D140041F7E0 /* Restaurant.app */ = {isa = PBXFileReference; explicitFileType = wrapper.application; includeInIndex = 0; path = Restaurant.app; sourceTree = BUILT_PRODUCTS_DIR; };
		7BA0FA8624758D140041F7E0 /* AppDelegate.swift */ = {isa = PBXFileReference; lastKnownFileType = sourcecode.swift; path = AppDelegate.swift; sourceTree = "<group>"; };
		7BA0FA8824758D140041F7E0 /* SceneDelegate.swift */ = {isa = PBXFileReference; lastKnownFileType = sourcecode.swift; path = SceneDelegate.swift; sourceTree = "<group>"; };
		7BA0FA8A24758D140041F7E0 /* ViewController.swift */ = {isa = PBXFileReference; lastKnownFileType = sourcecode.swift; path = ViewController.swift; sourceTree = "<group>"; };
		7BA0FA8D24758D140041F7E0 /* Base */ = {isa = PBXFileReference; lastKnownFileType = file.storyboard; name = Base; path = Base.lproj/Main.storyboard; sourceTree = "<group>"; };
		7BA0FA8F24758D160041F7E0 /* Assets.xcassets */ = {isa = PBXFileReference; lastKnownFileType = folder.assetcatalog; path = Assets.xcassets; sourceTree = "<group>"; };
		7BA0FA9224758D160041F7E0 /* Base */ = {isa = PBXFileReference; lastKnownFileType = file.storyboard; name = Base; path = Base.lproj/LaunchScreen.storyboard; sourceTree = "<group>"; };
		7BA0FA9424758D160041F7E0 /* Info.plist */ = {isa = PBXFileReference; lastKnownFileType = text.plist.xml; path = Info.plist; sourceTree = "<group>"; };
		7BA0FA9A24759A520041F7E0 /* CategoryTableViewController.swift */ = {isa = PBXFileReference; lastKnownFileType = sourcecode.swift; path = CategoryTableViewController.swift; sourceTree = "<group>"; };
		7BA0FA9C24759A740041F7E0 /* MenuTableViewController.swift */ = {isa = PBXFileReference; lastKnownFileType = sourcecode.swift; path = MenuTableViewController.swift; sourceTree = "<group>"; };
		7BA0FA9E24759A840041F7E0 /* OrderTableViewController.swift */ = {isa = PBXFileReference; lastKnownFileType = sourcecode.swift; path = OrderTableViewController.swift; sourceTree = "<group>"; };
		7BA0FAA024759DD30041F7E0 /* MenuItemDetailViewController.swift */ = {isa = PBXFileReference; lastKnownFileType = sourcecode.swift; path = MenuItemDetailViewController.swift; sourceTree = "<group>"; };
		7BA0FAA224759E590041F7E0 /* MenuItem.swift */ = {isa = PBXFileReference; lastKnownFileType = sourcecode.swift; path = MenuItem.swift; sourceTree = "<group>"; };
		7BA0FAA424759F2C0041F7E0 /* IntermediaryModels.swift */ = {isa = PBXFileReference; lastKnownFileType = sourcecode.swift; path = IntermediaryModels.swift; sourceTree = "<group>"; };
		7BA0FAA824759FCB0041F7E0 /* Order.swift */ = {isa = PBXFileReference; lastKnownFileType = sourcecode.swift; path = Order.swift; sourceTree = "<group>"; };
		7BA0FAAA2475A0DF0041F7E0 /* MenuController.swift */ = {isa = PBXFileReference; lastKnownFileType = sourcecode.swift; path = MenuController.swift; sourceTree = "<group>"; };
		7BA0FAAC2475E5500041F7E0 /* OrderConfirmationViewController.swift */ = {isa = PBXFileReference; lastKnownFileType = sourcecode.swift; path = OrderConfirmationViewController.swift; sourceTree = "<group>"; };
/* End PBXFileReference section */

/* Begin PBXFrameworksBuildPhase section */
		7BA0FA8024758D140041F7E0 /* Frameworks */ = {
			isa = PBXFrameworksBuildPhase;
			buildActionMask = 2147483647;
			files = (
			);
			runOnlyForDeploymentPostprocessing = 0;
		};
/* End PBXFrameworksBuildPhase section */

/* Begin PBXGroup section */
		7BA0FA7A24758D140041F7E0 = {
			isa = PBXGroup;
			children = (
				7BA0FA8524758D140041F7E0 /* Restaurant */,
				7BA0FA8424758D140041F7E0 /* Products */,
			);
			sourceTree = "<group>";
		};
		7BA0FA8424758D140041F7E0 /* Products */ = {
			isa = PBXGroup;
			children = (
				7BA0FA8324758D140041F7E0 /* Restaurant.app */,
			);
			name = Products;
			sourceTree = "<group>";
		};
		7BA0FA8524758D140041F7E0 /* Restaurant */ = {
			isa = PBXGroup;
			children = (
				7BA0FAA724759FA10041F7E0 /* Model */,
				7BA0FAAA2475A0DF0041F7E0 /* MenuController.swift */,
				7BA0FA9A24759A520041F7E0 /* CategoryTableViewController.swift */,
				7BA0FA9C24759A740041F7E0 /* MenuTableViewController.swift */,
				7BA0FAA024759DD30041F7E0 /* MenuItemDetailViewController.swift */,
				7BA0FA9E24759A840041F7E0 /* OrderTableViewController.swift */,
				7BA0FAAC2475E5500041F7E0 /* OrderConfirmationViewController.swift */,
				7BA0FA8624758D140041F7E0 /* AppDelegate.swift */,
				7BA0FA8824758D140041F7E0 /* SceneDelegate.swift */,
				7BA0FA8A24758D140041F7E0 /* ViewController.swift */,
				7BA0FA8C24758D140041F7E0 /* Main.storyboard */,
				7BA0FA8F24758D160041F7E0 /* Assets.xcassets */,
				7BA0FA9124758D160041F7E0 /* LaunchScreen.storyboard */,
				7BA0FA9424758D160041F7E0 /* Info.plist */,
			);
			path = Restaurant;
			sourceTree = "<group>";
		};
		7BA0FAA724759FA10041F7E0 /* Model */ = {
			isa = PBXGroup;
			children = (
				7BA0FAA224759E590041F7E0 /* MenuItem.swift */,
				7BA0FAA424759F2C0041F7E0 /* IntermediaryModels.swift */,
				7BA0FAA824759FCB0041F7E0 /* Order.swift */,
			);
			path = Model;
			sourceTree = "<group>";
		};
/* End PBXGroup section */

/* Begin PBXNativeTarget section */
		7BA0FA8224758D140041F7E0 /* Restaurant */ = {
			isa = PBXNativeTarget;
			buildConfigurationList = 7BA0FA9724758D160041F7E0 /* Build configuration list for PBXNativeTarget "Restaurant" */;
			buildPhases = (
				7BA0FA7F24758D140041F7E0 /* Sources */,
				7BA0FA8024758D140041F7E0 /* Frameworks */,
				7BA0FA8124758D140041F7E0 /* Resources */,
			);
			buildRules = (
			);
			dependencies = (
			);
			name = Restaurant;
			productName = Restaurant;
			productReference = 7BA0FA8324758D140041F7E0 /* Restaurant.app */;
			productType = "com.apple.product-type.application";
		};
/* End PBXNativeTarget section */

/* Begin PBXProject section */
		7BA0FA7B24758D140041F7E0 /* Project object */ = {
			isa = PBXProject;
			attributes = {
				LastSwiftUpdateCheck = 1140;
				LastUpgradeCheck = 1140;
				ORGANIZATIONNAME = "Aaron Chen";
				TargetAttributes = {
					7BA0FA8224758D140041F7E0 = {
						CreatedOnToolsVersion = 11.4.1;
					};
				};
			};
			buildConfigurationList = 7BA0FA7E24758D140041F7E0 /* Build configuration list for PBXProject "Restaurant" */;
			compatibilityVersion = "Xcode 9.3";
			developmentRegion = en;
			hasScannedForEncodings = 0;
			knownRegions = (
				en,
				Base,
			);
			mainGroup = 7BA0FA7A24758D140041F7E0;
			productRefGroup = 7BA0FA8424758D140041F7E0 /* Products */;
			projectDirPath = "";
			projectRoot = "";
			targets = (
				7BA0FA8224758D140041F7E0 /* Restaurant */,
			);
		};
/* End PBXProject section */

/* Begin PBXResourcesBuildPhase section */
		7BA0FA8124758D140041F7E0 /* Resources */ = {
			isa = PBXResourcesBuildPhase;
			buildActionMask = 2147483647;
			files = (
				7BA0FA9324758D160041F7E0 /* LaunchScreen.storyboard in Resources */,
				7BA0FA9024758D160041F7E0 /* Assets.xcassets in Resources */,
				7BA0FA8E24758D140041F7E0 /* Main.storyboard in Resources */,
			);
			runOnlyForDeploymentPostprocessing = 0;
		};
/* End PBXResourcesBuildPhase section */

/* Begin PBXSourcesBuildPhase section */
		7BA0FA7F24758D140041F7E0 /* Sources */ = {
			isa = PBXSourcesBuildPhase;
			buildActionMask = 2147483647;
			files = (
				7BA0FA8B24758D140041F7E0 /* ViewController.swift in Sources */,
				7BA0FA8724758D140041F7E0 /* AppDelegate.swift in Sources */,
				7BA0FAA924759FCB0041F7E0 /* Order.swift in Sources */,
				7BA0FA9D24759A740041F7E0 /* MenuTableViewController.swift in Sources */,
				7BA0FAA124759DD30041F7E0 /* MenuItemDetailViewController.swift in Sources */,
				7BA0FAAB2475A0DF0041F7E0 /* MenuController.swift in Sources */,
				7BA0FA8924758D140041F7E0 /* SceneDelegate.swift in Sources */,
				7BA0FAA524759F2C0041F7E0 /* IntermediaryModels.swift in Sources */,
				7BA0FAAD2475E5500041F7E0 /* OrderConfirmationViewController.swift in Sources */,
				7BA0FAA324759E590041F7E0 /* MenuItem.swift in Sources */,
				7BA0FA9F24759A840041F7E0 /* OrderTableViewController.swift in Sources */,
				7BA0FA9B24759A520041F7E0 /* CategoryTableViewController.swift in Sources */,
			);
			runOnlyForDeploymentPostprocessing = 0;
		};
/* End PBXSourcesBuildPhase section */

/* Begin PBXVariantGroup section */
		7BA0FA8C24758D140041F7E0 /* Main.storyboard */ = {
			isa = PBXVariantGroup;
			children = (
				7BA0FA8D24758D140041F7E0 /* Base */,
			);
			name = Main.storyboard;
			sourceTree = "<group>";
		};
		7BA0FA9124758D160041F7E0 /* LaunchScreen.storyboard */ = {
			isa = PBXVariantGroup;
			children = (
				7BA0FA9224758D160041F7E0 /* Base */,
			);
			name = LaunchScreen.storyboard;
			sourceTree = "<group>";
		};
/* End PBXVariantGroup section */

/* Begin XCBuildConfiguration section */
		7BA0FA9524758D160041F7E0 /* Debug */ = {
			isa = XCBuildConfiguration;
			buildSettings = {
				ALWAYS_SEARCH_USER_PATHS = NO;
				CLANG_ANALYZER_NONNULL = YES;
				CLANG_ANALYZER_NUMBER_OBJECT_CONVERSION = YES_AGGRESSIVE;
				CLANG_CXX_LANGUAGE_STANDARD = "gnu++14";
				CLANG_CXX_LIBRARY = "libc++";
				CLANG_ENABLE_MODULES = YES;
				CLANG_ENABLE_OBJC_ARC = YES;
				CLANG_ENABLE_OBJC_WEAK = YES;
				CLANG_WARN_BLOCK_CAPTURE_AUTORELEASING = YES;
				CLANG_WARN_BOOL_CONVERSION = YES;
				CLANG_WARN_COMMA = YES;
				CLANG_WARN_CONSTANT_CONVERSION = YES;
				CLANG_WARN_DEPRECATED_OBJC_IMPLEMENTATIONS = YES;
				CLANG_WARN_DIRECT_OBJC_ISA_USAGE = YES_ERROR;
				CLANG_WARN_DOCUMENTATION_COMMENTS = YES;
				CLANG_WARN_EMPTY_BODY = YES;
				CLANG_WARN_ENUM_CONVERSION = YES;
				CLANG_WARN_INFINITE_RECURSION = YES;
				CLANG_WARN_INT_CONVERSION = YES;
				CLANG_WARN_NON_LITERAL_NULL_CONVERSION = YES;
				CLANG_WARN_OBJC_IMPLICIT_RETAIN_SELF = YES;
				CLANG_WARN_OBJC_LITERAL_CONVERSION = YES;
				CLANG_WARN_OBJC_ROOT_CLASS = YES_ERROR;
				CLANG_WARN_RANGE_LOOP_ANALYSIS = YES;
				CLANG_WARN_STRICT_PROTOTYPES = YES;
				CLANG_WARN_SUSPICIOUS_MOVE = YES;
				CLANG_WARN_UNGUARDED_AVAILABILITY = YES_AGGRESSIVE;
				CLANG_WARN_UNREACHABLE_CODE = YES;
				CLANG_WARN__DUPLICATE_METHOD_MATCH = YES;
				COPY_PHASE_STRIP = NO;
				DEBUG_INFORMATION_FORMAT = dwarf;
				ENABLE_STRICT_OBJC_MSGSEND = YES;
				ENABLE_TESTABILITY = YES;
				GCC_C_LANGUAGE_STANDARD = gnu11;
				GCC_DYNAMIC_NO_PIC = NO;
				GCC_NO_COMMON_BLOCKS = YES;
				GCC_OPTIMIZATION_LEVEL = 0;
				GCC_PREPROCESSOR_DEFINITIONS = (
					"DEBUG=1",
					"$(inherited)",
				);
				GCC_WARN_64_TO_32_BIT_CONVERSION = YES;
				GCC_WARN_ABOUT_RETURN_TYPE = YES_ERROR;
				GCC_WARN_UNDECLARED_SELECTOR = YES;
				GCC_WARN_UNINITIALIZED_AUTOS = YES_AGGRESSIVE;
				GCC_WARN_UNUSED_FUNCTION = YES;
				GCC_WARN_UNUSED_VARIABLE = YES;
				IPHONEOS_DEPLOYMENT_TARGET = 13.4;
				MTL_ENABLE_DEBUG_INFO = INCLUDE_SOURCE;
				MTL_FAST_MATH = YES;
				ONLY_ACTIVE_ARCH = YES;
				SDKROOT = iphoneos;
				SWIFT_ACTIVE_COMPILATION_CONDITIONS = DEBUG;
				SWIFT_OPTIMIZATION_LEVEL = "-Onone";
			};
			name = Debug;
		};
		7BA0FA9624758D160041F7E0 /* Release */ = {
			isa = XCBuildConfiguration;
			buildSettings = {
				ALWAYS_SEARCH_USER_PATHS = NO;
				CLANG_ANALYZER_NONNULL = YES;
				CLANG_ANALYZER_NUMBER_OBJECT_CONVERSION = YES_AGGRESSIVE;
				CLANG_CXX_LANGUAGE_STANDARD = "gnu++14";
				CLANG_CXX_LIBRARY = "libc++";
				CLANG_ENABLE_MODULES = YES;
				CLANG_ENABLE_OBJC_ARC = YES;
				CLANG_ENABLE_OBJC_WEAK = YES;
				CLANG_WARN_BLOCK_CAPTURE_AUTORELEASING = YES;
				CLANG_WARN_BOOL_CONVERSION = YES;
				CLANG_WARN_COMMA = YES;
				CLANG_WARN_CONSTANT_CONVERSION = YES;
				CLANG_WARN_DEPRECATED_OBJC_IMPLEMENTATIONS = YES;
				CLANG_WARN_DIRECT_OBJC_ISA_USAGE = YES_ERROR;
				CLANG_WARN_DOCUMENTATION_COMMENTS = YES;
				CLANG_WARN_EMPTY_BODY = YES;
				CLANG_WARN_ENUM_CONVERSION = YES;
				CLANG_WARN_INFINITE_RECURSION = YES;
				CLANG_WARN_INT_CONVERSION = YES;
				CLANG_WARN_NON_LITERAL_NULL_CONVERSION = YES;
				CLANG_WARN_OBJC_IMPLICIT_RETAIN_SELF = YES;
				CLANG_WARN_OBJC_LITERAL_CONVERSION = YES;
				CLANG_WARN_OBJC_ROOT_CLASS = YES_ERROR;
				CLANG_WARN_RANGE_LOOP_ANALYSIS = YES;
				CLANG_WARN_STRICT_PROTOTYPES = YES;
				CLANG_WARN_SUSPICIOUS_MOVE = YES;
				CLANG_WARN_UNGUARDED_AVAILABILITY = YES_AGGRESSIVE;
				CLANG_WARN_UNREACHABLE_CODE = YES;
				CLANG_WARN__DUPLICATE_METHOD_MATCH = YES;
				COPY_PHASE_STRIP = NO;
				DEBUG_INFORMATION_FORMAT = "dwarf-with-dsym";
				ENABLE_NS_ASSERTIONS = NO;
				ENABLE_STRICT_OBJC_MSGSEND = YES;
				GCC_C_LANGUAGE_STANDARD = gnu11;
				GCC_NO_COMMON_BLOCKS = YES;
				GCC_WARN_64_TO_32_BIT_CONVERSION = YES;
				GCC_WARN_ABOUT_RETURN_TYPE = YES_ERROR;
				GCC_WARN_UNDECLARED_SELECTOR = YES;
				GCC_WARN_UNINITIALIZED_AUTOS = YES_AGGRESSIVE;
				GCC_WARN_UNUSED_FUNCTION = YES;
				GCC_WARN_UNUSED_VARIABLE = YES;
				IPHONEOS_DEPLOYMENT_TARGET = 13.4;
				MTL_ENABLE_DEBUG_INFO = NO;
				MTL_FAST_MATH = YES;
				SDKROOT = iphoneos;
				SWIFT_COMPILATION_MODE = wholemodule;
				SWIFT_OPTIMIZATION_LEVEL = "-O";
				VALIDATE_PRODUCT = YES;
			};
			name = Release;
		};
		7BA0FA9824758D160041F7E0 /* Debug */ = {
			isa = XCBuildConfiguration;
			buildSettings = {
				ASSETCATALOG_COMPILER_APPICON_NAME = AppIcon;
				CODE_SIGN_STYLE = Automatic;
				DEVELOPMENT_TEAM = 3DMF2RTT68;
				INFOPLIST_FILE = Restaurant/Info.plist;
				LD_RUNPATH_SEARCH_PATHS = (
					"$(inherited)",
					"@executable_path/Frameworks",
				);
				PRODUCT_BUNDLE_IDENTIFIER = AaronCChen.Restaurant;
				PRODUCT_NAME = "$(TARGET_NAME)";
				SWIFT_VERSION = 5.0;
				TARGETED_DEVICE_FAMILY = "1,2";
			};
			name = Debug;
		};
		7BA0FA9924758D160041F7E0 /* Release */ = {
			isa = XCBuildConfiguration;
			buildSettings = {
				ASSETCATALOG_COMPILER_APPICON_NAME = AppIcon;
				CODE_SIGN_STYLE = Automatic;
				DEVELOPMENT_TEAM = 3DMF2RTT68;
				INFOPLIST_FILE = Restaurant/Info.plist;
				LD_RUNPATH_SEARCH_PATHS = (
					"$(inherited)",
					"@executable_path/Frameworks",
				);
				PRODUCT_BUNDLE_IDENTIFIER = AaronCChen.Restaurant;
				PRODUCT_NAME = "$(TARGET_NAME)";
				SWIFT_VERSION = 5.0;
				TARGETED_DEVICE_FAMILY = "1,2";
			};
			name = Release;
		};
/* End XCBuildConfiguration section */

/* Begin XCConfigurationList section */
		7BA0FA7E24758D140041F7E0 /* Build configuration list for PBXProject "Restaurant" */ = {
			isa = XCConfigurationList;
			buildConfigurations = (
				7BA0FA9524758D160041F7E0 /* Debug */,
				7BA0FA9624758D160041F7E0 /* Release */,
			);
			defaultConfigurationIsVisible = 0;
			defaultConfigurationName = Release;
		};
		7BA0FA9724758D160041F7E0 /* Build configuration list for PBXNativeTarget "Restaurant" */ = {
			isa = XCConfigurationList;
			buildConfigurations = (
				7BA0FA9824758D160041F7E0 /* Debug */,
				7BA0FA9924758D160041F7E0 /* Release */,
			);
			defaultConfigurationIsVisible = 0;
			defaultConfigurationName = Release;
		};
/* End XCConfigurationList section */
	};
	rootObject = 7BA0FA7B24758D140041F7E0 /* Project object */;
}
