// !$*UTF8*$!
{
	archiveVersion = 1;
	classes = {
	};
	objectVersion = 50;
	objects = {

/* Begin PBXBuildFile section */
		7B913C14244B745500CBA5BF /* AppDelegate.swift in Sources */ = {isa = PBXBuildFile; fileRef = 7B913C13244B745500CBA5BF /* AppDelegate.swift */; };
		7B913C16244B745500CBA5BF /* SceneDelegate.swift in Sources */ = {isa = PBXBuildFile; fileRef = 7B913C15244B745500CBA5BF /* SceneDelegate.swift */; };
		7B913C18244B745500CBA5BF /* ViewController.swift in Sources */ = {isa = PBXBuildFile; fileRef = 7B913C17244B745500CBA5BF /* ViewController.swift */; };
		7B913C1B244B745500CBA5BF /* Main.storyboard in Resources */ = {isa = PBXBuildFile; fileRef = 7B913C19244B745500CBA5BF /* Main.storyboard */; };
		7B913C1D244B745A00CBA5BF /* Assets.xcassets in Resources */ = {isa = PBXBuildFile; fileRef = 7B913C1C244B745A00CBA5BF /* Assets.xcassets */; };
		7B913C20244B745A00CBA5BF /* LaunchScreen.storyboard in Resources */ = {isa = PBXBuildFile; fileRef = 7B913C1E244B745A00CBA5BF /* LaunchScreen.storyboard */; };
/* End PBXBuildFile section */

/* Begin PBXFileReference section */
		7B913C10244B745500CBA5BF /* AutoLayout_Storyboard_Interface_Builder.app */ = {isa = PBXFileReference; explicitFileType = wrapper.application; includeInIndex = 0; path = AutoLayout_Storyboard_Interface_Builder.app; sourceTree = BUILT_PRODUCTS_DIR; };
		7B913C13244B745500CBA5BF /* AppDelegate.swift */ = {isa = PBXFileReference; lastKnownFileType = sourcecode.swift; path = AppDelegate.swift; sourceTree = "<group>"; };
		7B913C15244B745500CBA5BF /* SceneDelegate.swift */ = {isa = PBXFileReference; lastKnownFileType = sourcecode.swift; path = SceneDelegate.swift; sourceTree = "<group>"; };
		7B913C17244B745500CBA5BF /* ViewController.swift */ = {isa = PBXFileReference; lastKnownFileType = sourcecode.swift; path = ViewController.swift; sourceTree = "<group>"; };
		7B913C1A244B745500CBA5BF /* Base */ = {isa = PBXFileReference; lastKnownFileType = file.storyboard; name = Base; path = Base.lproj/Main.storyboard; sourceTree = "<group>"; };
		7B913C1C244B745A00CBA5BF /* Assets.xcassets */ = {isa = PBXFileReference; lastKnownFileType = folder.assetcatalog; path = Assets.xcassets; sourceTree = "<group>"; };
		7B913C1F244B745A00CBA5BF /* Base */ = {isa = PBXFileReference; lastKnownFileType = file.storyboard; name = Base; path = Base.lproj/LaunchScreen.storyboard; sourceTree = "<group>"; };
		7B913C21244B745A00CBA5BF /* Info.plist */ = {isa = PBXFileReference; lastKnownFileType = text.plist.xml; path = Info.plist; sourceTree = "<group>"; };
/* End PBXFileReference section */

/* Begin PBXFrameworksBuildPhase section */
		7B913C0D244B745500CBA5BF /* Frameworks */ = {
			isa = PBXFrameworksBuildPhase;
			buildActionMask = 2147483647;
			files = (
			);
			runOnlyForDeploymentPostprocessing = 0;
		};
/* End PBXFrameworksBuildPhase section */

/* Begin PBXGroup section */
		7B913C07244B745500CBA5BF = {
			isa = PBXGroup;
			children = (
				7B913C12244B745500CBA5BF /* AutoLayout_Storyboard_Interface_Builder */,
				7B913C11244B745500CBA5BF /* Products */,
			);
			sourceTree = "<group>";
		};
		7B913C11244B745500CBA5BF /* Products */ = {
			isa = PBXGroup;
			children = (
				7B913C10244B745500CBA5BF /* AutoLayout_Storyboard_Interface_Builder.app */,
			);
			name = Products;
			sourceTree = "<group>";
		};
		7B913C12244B745500CBA5BF /* AutoLayout_Storyboard_Interface_Builder */ = {
			isa = PBXGroup;
			children = (
				7B913C13244B745500CBA5BF /* AppDelegate.swift */,
				7B913C15244B745500CBA5BF /* SceneDelegate.swift */,
				7B913C17244B745500CBA5BF /* ViewController.swift */,
				7B913C19244B745500CBA5BF /* Main.storyboard */,
				7B913C1C244B745A00CBA5BF /* Assets.xcassets */,
				7B913C1E244B745A00CBA5BF /* LaunchScreen.storyboard */,
				7B913C21244B745A00CBA5BF /* Info.plist */,
			);
			path = AutoLayout_Storyboard_Interface_Builder;
			sourceTree = "<group>";
		};
/* End PBXGroup section */

/* Begin PBXNativeTarget section */
		7B913C0F244B745500CBA5BF /* AutoLayout_Storyboard_Interface_Builder */ = {
			isa = PBXNativeTarget;
			buildConfigurationList = 7B913C24244B745A00CBA5BF /* Build configuration list for PBXNativeTarget "AutoLayout_Storyboard_Interface_Builder" */;
			buildPhases = (
				7B913C0C244B745500CBA5BF /* Sources */,
				7B913C0D244B745500CBA5BF /* Frameworks */,
				7B913C0E244B745500CBA5BF /* Resources */,
			);
			buildRules = (
			);
			dependencies = (
			);
			name = AutoLayout_Storyboard_Interface_Builder;
			productName = AutoLayout_Storyboard_Interface_Builder;
			productReference = 7B913C10244B745500CBA5BF /* AutoLayout_Storyboard_Interface_Builder.app */;
			productType = "com.apple.product-type.application";
		};
/* End PBXNativeTarget section */

/* Begin PBXProject section */
		7B913C08244B745500CBA5BF /* Project object */ = {
			isa = PBXProject;
			attributes = {
				LastSwiftUpdateCheck = 1140;
				LastUpgradeCheck = 1140;
				ORGANIZATIONNAME = "Aaron Chen";
				TargetAttributes = {
					7B913C0F244B745500CBA5BF = {
						CreatedOnToolsVersion = 11.4.1;
					};
				};
			};
			buildConfigurationList = 7B913C0B244B745500CBA5BF /* Build configuration list for PBXProject "AutoLayout_Storyboard_Interface_Builder" */;
			compatibilityVersion = "Xcode 9.3";
			developmentRegion = en;
			hasScannedForEncodings = 0;
			knownRegions = (
				en,
				Base,
			);
			mainGroup = 7B913C07244B745500CBA5BF;
			productRefGroup = 7B913C11244B745500CBA5BF /* Products */;
			projectDirPath = "";
			projectRoot = "";
			targets = (
				7B913C0F244B745500CBA5BF /* AutoLayout_Storyboard_Interface_Builder */,
			);
		};
/* End PBXProject section */

/* Begin PBXResourcesBuildPhase section */
		7B913C0E244B745500CBA5BF /* Resources */ = {
			isa = PBXResourcesBuildPhase;
			buildActionMask = 2147483647;
			files = (
				7B913C20244B745A00CBA5BF /* LaunchScreen.storyboard in Resources */,
				7B913C1D244B745A00CBA5BF /* Assets.xcassets in Resources */,
				7B913C1B244B745500CBA5BF /* Main.storyboard in Resources */,
			);
			runOnlyForDeploymentPostprocessing = 0;
		};
/* End PBXResourcesBuildPhase section */

/* Begin PBXSourcesBuildPhase section */
		7B913C0C244B745500CBA5BF /* Sources */ = {
			isa = PBXSourcesBuildPhase;
			buildActionMask = 2147483647;
			files = (
				7B913C18244B745500CBA5BF /* ViewController.swift in Sources */,
				7B913C14244B745500CBA5BF /* AppDelegate.swift in Sources */,
				7B913C16244B745500CBA5BF /* SceneDelegate.swift in Sources */,
			);
			runOnlyForDeploymentPostprocessing = 0;
		};
/* End PBXSourcesBuildPhase section */

/* Begin PBXVariantGroup section */
		7B913C19244B745500CBA5BF /* Main.storyboard */ = {
			isa = PBXVariantGroup;
			children = (
				7B913C1A244B745500CBA5BF /* Base */,
			);
			name = Main.storyboard;
			sourceTree = "<group>";
		};
		7B913C1E244B745A00CBA5BF /* LaunchScreen.storyboard */ = {
			isa = PBXVariantGroup;
			children = (
				7B913C1F244B745A00CBA5BF /* Base */,
			);
			name = LaunchScreen.storyboard;
			sourceTree = "<group>";
		};
/* End PBXVariantGroup section */

/* Begin XCBuildConfiguration section */
		7B913C22244B745A00CBA5BF /* Debug */ = {
			isa = XCBuildConfiguration;
			buildSettings = {
				ALWAYS_SEARCH_USER_PATHS = NO;
				CLANG_ANALYZER_NONNULL = YES;
				CLANG_ANALYZER_NUMBER_OBJECT_CONVERSION = YES_AGGRESSIVE;
				CLANG_CXX_LANGUAGE_STANDARD = "gnu++14";
				CLANG_CXX_LIBRARY = "libc++";
				CLANG_ENABLE_MODULES = YES;
				CLANG_ENABLE_OBJC_ARC = YES;
				CLANG_ENABLE_OBJC_WEAK = YES;
				CLANG_WARN_BLOCK_CAPTURE_AUTORELEASING = YES;
				CLANG_WARN_BOOL_CONVERSION = YES;
				CLANG_WARN_COMMA = YES;
				CLANG_WARN_CONSTANT_CONVERSION = YES;
				CLANG_WARN_DEPRECATED_OBJC_IMPLEMENTATIONS = YES;
				CLANG_WARN_DIRECT_OBJC_ISA_USAGE = YES_ERROR;
				CLANG_WARN_DOCUMENTATION_COMMENTS = YES;
				CLANG_WARN_EMPTY_BODY = YES;
				CLANG_WARN_ENUM_CONVERSION = YES;
				CLANG_WARN_INFINITE_RECURSION = YES;
				CLANG_WARN_INT_CONVERSION = YES;
				CLANG_WARN_NON_LITERAL_NULL_CONVERSION = YES;
				CLANG_WARN_OBJC_IMPLICIT_RETAIN_SELF = YES;
				CLANG_WARN_OBJC_LITERAL_CONVERSION = YES;
				CLANG_WARN_OBJC_ROOT_CLASS = YES_ERROR;
				CLANG_WARN_RANGE_LOOP_ANALYSIS = YES;
				CLANG_WARN_STRICT_PROTOTYPES = YES;
				CLANG_WARN_SUSPICIOUS_MOVE = YES;
				CLANG_WARN_UNGUARDED_AVAILABILITY = YES_AGGRESSIVE;
				CLANG_WARN_UNREACHABLE_CODE = YES;
				CLANG_WARN__DUPLICATE_METHOD_MATCH = YES;
				COPY_PHASE_STRIP = NO;
				DEBUG_INFORMATION_FORMAT = dwarf;
				ENABLE_STRICT_OBJC_MSGSEND = YES;
				ENABLE_TESTABILITY = YES;
				GCC_C_LANGUAGE_STANDARD = gnu11;
				GCC_DYNAMIC_NO_PIC = NO;
				GCC_NO_COMMON_BLOCKS = YES;
				GCC_OPTIMIZATION_LEVEL = 0;
				GCC_PREPROCESSOR_DEFINITIONS = (
					"DEBUG=1",
					"$(inherited)",
				);
				GCC_WARN_64_TO_32_BIT_CONVERSION = YES;
				GCC_WARN_ABOUT_RETURN_TYPE = YES_ERROR;
				GCC_WARN_UNDECLARED_SELECTOR = YES;
				GCC_WARN_UNINITIALIZED_AUTOS = YES_AGGRESSIVE;
				GCC_WARN_UNUSED_FUNCTION = YES;
				GCC_WARN_UNUSED_VARIABLE = YES;
				IPHONEOS_DEPLOYMENT_TARGET = 13.4;
				MTL_ENABLE_DEBUG_INFO = INCLUDE_SOURCE;
				MTL_FAST_MATH = YES;
				ONLY_ACTIVE_ARCH = YES;
				SDKROOT = iphoneos;
				SWIFT_ACTIVE_COMPILATION_CONDITIONS = DEBUG;
				SWIFT_OPTIMIZATION_LEVEL = "-Onone";
			};
			name = Debug;
		};
		7B913C23244B745A00CBA5BF /* Release */ = {
			isa = XCBuildConfiguration;
			buildSettings = {
				ALWAYS_SEARCH_USER_PATHS = NO;
				CLANG_ANALYZER_NONNULL = YES;
				CLANG_ANALYZER_NUMBER_OBJECT_CONVERSION = YES_AGGRESSIVE;
				CLANG_CXX_LANGUAGE_STANDARD = "gnu++14";
				CLANG_CXX_LIBRARY = "libc++";
				CLANG_ENABLE_MODULES = YES;
				CLANG_ENABLE_OBJC_ARC = YES;
				CLANG_ENABLE_OBJC_WEAK = YES;
				CLANG_WARN_BLOCK_CAPTURE_AUTORELEASING = YES;
				CLANG_WARN_BOOL_CONVERSION = YES;
				CLANG_WARN_COMMA = YES;
				CLANG_WARN_CONSTANT_CONVERSION = YES;
				CLANG_WARN_DEPRECATED_OBJC_IMPLEMENTATIONS = YES;
				CLANG_WARN_DIRECT_OBJC_ISA_USAGE = YES_ERROR;
				CLANG_WARN_DOCUMENTATION_COMMENTS = YES;
				CLANG_WARN_EMPTY_BODY = YES;
				CLANG_WARN_ENUM_CONVERSION = YES;
				CLANG_WARN_INFINITE_RECURSION = YES;
				CLANG_WARN_INT_CONVERSION = YES;
				CLANG_WARN_NON_LITERAL_NULL_CONVERSION = YES;
				CLANG_WARN_OBJC_IMPLICIT_RETAIN_SELF = YES;
				CLANG_WARN_OBJC_LITERAL_CONVERSION = YES;
				CLANG_WARN_OBJC_ROOT_CLASS = YES_ERROR;
				CLANG_WARN_RANGE_LOOP_ANALYSIS = YES;
				CLANG_WARN_STRICT_PROTOTYPES = YES;
				CLANG_WARN_SUSPICIOUS_MOVE = YES;
				CLANG_WARN_UNGUARDED_AVAILABILITY = YES_AGGRESSIVE;
				CLANG_WARN_UNREACHABLE_CODE = YES;
				CLANG_WARN__DUPLICATE_METHOD_MATCH = YES;
				COPY_PHASE_STRIP = NO;
				DEBUG_INFORMATION_FORMAT = "dwarf-with-dsym";
				ENABLE_NS_ASSERTIONS = NO;
				ENABLE_STRICT_OBJC_MSGSEND = YES;
				GCC_C_LANGUAGE_STANDARD = gnu11;
				GCC_NO_COMMON_BLOCKS = YES;
				GCC_WARN_64_TO_32_BIT_CONVERSION = YES;
				GCC_WARN_ABOUT_RETURN_TYPE = YES_ERROR;
				GCC_WARN_UNDECLARED_SELECTOR = YES;
				GCC_WARN_UNINITIALIZED_AUTOS = YES_AGGRESSIVE;
				GCC_WARN_UNUSED_FUNCTION = YES;
				GCC_WARN_UNUSED_VARIABLE = YES;
				IPHONEOS_DEPLOYMENT_TARGET = 13.4;
				MTL_ENABLE_DEBUG_INFO = NO;
				MTL_FAST_MATH = YES;
				SDKROOT = iphoneos;
				SWIFT_COMPILATION_MODE = wholemodule;
				SWIFT_OPTIMIZATION_LEVEL = "-O";
				VALIDATE_PRODUCT = YES;
			};
			name = Release;
		};
		7B913C25244B745A00CBA5BF /* Debug */ = {
			isa = XCBuildConfiguration;
			buildSettings = {
				ASSETCATALOG_COMPILER_APPICON_NAME = AppIcon;
				CODE_SIGN_STYLE = Automatic;
				DEVELOPMENT_TEAM = 3DMF2RTT68;
				INFOPLIST_FILE = AutoLayout_Storyboard_Interface_Builder/Info.plist;
				LD_RUNPATH_SEARCH_PATHS = (
					"$(inherited)",
					"@executable_path/Frameworks",
				);
				PRODUCT_BUNDLE_IDENTIFIER = "AaronCChen.AutoLayout-Storyboard-Interface-Builder";
				PRODUCT_NAME = "$(TARGET_NAME)";
				SWIFT_VERSION = 5.0;
				TARGETED_DEVICE_FAMILY = "1,2";
			};
			name = Debug;
		};
		7B913C26244B745A00CBA5BF /* Release */ = {
			isa = XCBuildConfiguration;
			buildSettings = {
				ASSETCATALOG_COMPILER_APPICON_NAME = AppIcon;
				CODE_SIGN_STYLE = Automatic;
				DEVELOPMENT_TEAM = 3DMF2RTT68;
				INFOPLIST_FILE = AutoLayout_Storyboard_Interface_Builder/Info.plist;
				LD_RUNPATH_SEARCH_PATHS = (
					"$(inherited)",
					"@executable_path/Frameworks",
				);
				PRODUCT_BUNDLE_IDENTIFIER = "AaronCChen.AutoLayout-Storyboard-Interface-Builder";
				PRODUCT_NAME = "$(TARGET_NAME)";
				SWIFT_VERSION = 5.0;
				TARGETED_DEVICE_FAMILY = "1,2";
			};
			name = Release;
		};
/* End XCBuildConfiguration section */

/* Begin XCConfigurationList section */
		7B913C0B244B745500CBA5BF /* Build configuration list for PBXProject "AutoLayout_Storyboard_Interface_Builder" */ = {
			isa = XCConfigurationList;
			buildConfigurations = (
				7B913C22244B745A00CBA5BF /* Debug */,
				7B913C23244B745A00CBA5BF /* Release */,
			);
			defaultConfigurationIsVisible = 0;
			defaultConfigurationName = Release;
		};
		7B913C24244B745A00CBA5BF /* Build configuration list for PBXNativeTarget "AutoLayout_Storyboard_Interface_Builder" */ = {
			isa = XCConfigurationList;
			buildConfigurations = (
				7B913C25244B745A00CBA5BF /* Debug */,
				7B913C26244B745A00CBA5BF /* Release */,
			);
			defaultConfigurationIsVisible = 0;
			defaultConfigurationName = Release;
		};
/* End XCConfigurationList section */
	};
	rootObject = 7B913C08244B745500CBA5BF /* Project object */;
}
