// !$*UTF8*$!
{
	archiveVersion = 1;
	classes = {
	};
	objectVersion = 50;
	objects = {

/* Begin PBXBuildFile section */
		7B6801032463570000BAB18D /* AppDelegate.swift in Sources */ = {isa = PBXBuildFile; fileRef = 7B6801022463570000BAB18D /* AppDelegate.swift */; };
		7B6801052463570000BAB18D /* SceneDelegate.swift in Sources */ = {isa = PBXBuildFile; fileRef = 7B6801042463570000BAB18D /* SceneDelegate.swift */; };
		7B6801072463570000BAB18D /* ViewController.swift in Sources */ = {isa = PBXBuildFile; fileRef = 7B6801062463570000BAB18D /* ViewController.swift */; };
		7B68010A2463570000BAB18D /* Main.storyboard in Resources */ = {isa = PBXBuildFile; fileRef = 7B6801082463570000BAB18D /* Main.storyboard */; };
		7B68010C2463570400BAB18D /* Assets.xcassets in Resources */ = {isa = PBXBuildFile; fileRef = 7B68010B2463570400BAB18D /* Assets.xcassets */; };
		7B68010F2463570400BAB18D /* LaunchScreen.storyboard in Resources */ = {isa = PBXBuildFile; fileRef = 7B68010D2463570400BAB18D /* LaunchScreen.storyboard */; };
		7B68011D2463668900BAB18D /* ShareViewController.swift in Sources */ = {isa = PBXBuildFile; fileRef = 7B68011C2463668900BAB18D /* ShareViewController.swift */; };
		7B6801202463668900BAB18D /* MainInterface.storyboard in Resources */ = {isa = PBXBuildFile; fileRef = 7B68011E2463668900BAB18D /* MainInterface.storyboard */; };
		7B6801242463668900BAB18D /* SystemShareExtension.appex in Embed App Extensions */ = {isa = PBXBuildFile; fileRef = 7B68011A2463668900BAB18D /* SystemShareExtension.appex */; settings = {ATTRIBUTES = (RemoveHeadersOnCopy, ); }; };
/* End PBXBuildFile section */

/* Begin PBXContainerItemProxy section */
		7B6801222463668900BAB18D /* PBXContainerItemProxy */ = {
			isa = PBXContainerItemProxy;
			containerPortal = 7B6800F72463570000BAB18D /* Project object */;
			proxyType = 1;
			remoteGlobalIDString = 7B6801192463668900BAB18D;
			remoteInfo = SystemShareExtension;
		};
/* End PBXContainerItemProxy section */

/* Begin PBXCopyFilesBuildPhase section */
		7B6801282463668900BAB18D /* Embed App Extensions */ = {
			isa = PBXCopyFilesBuildPhase;
			buildActionMask = 2147483647;
			dstPath = "";
			dstSubfolderSpec = 13;
			files = (
				7B6801242463668900BAB18D /* SystemShareExtension.appex in Embed App Extensions */,
			);
			name = "Embed App Extensions";
			runOnlyForDeploymentPostprocessing = 0;
		};
/* End PBXCopyFilesBuildPhase section */

/* Begin PBXFileReference section */
		7B6800FF2463570000BAB18D /* SystemViewControllers.app */ = {isa = PBXFileReference; explicitFileType = wrapper.application; includeInIndex = 0; path = SystemViewControllers.app; sourceTree = BUILT_PRODUCTS_DIR; };
		7B6801022463570000BAB18D /* AppDelegate.swift */ = {isa = PBXFileReference; lastKnownFileType = sourcecode.swift; path = AppDelegate.swift; sourceTree = "<group>"; };
		7B6801042463570000BAB18D /* SceneDelegate.swift */ = {isa = PBXFileReference; lastKnownFileType = sourcecode.swift; path = SceneDelegate.swift; sourceTree = "<group>"; };
		7B6801062463570000BAB18D /* ViewController.swift */ = {isa = PBXFileReference; lastKnownFileType = sourcecode.swift; path = ViewController.swift; sourceTree = "<group>"; };
		7B6801092463570000BAB18D /* Base */ = {isa = PBXFileReference; lastKnownFileType = file.storyboard; name = Base; path = Base.lproj/Main.storyboard; sourceTree = "<group>"; };
		7B68010B2463570400BAB18D /* Assets.xcassets */ = {isa = PBXFileReference; lastKnownFileType = folder.assetcatalog; path = Assets.xcassets; sourceTree = "<group>"; };
		7B68010E2463570400BAB18D /* Base */ = {isa = PBXFileReference; lastKnownFileType = file.storyboard; name = Base; path = Base.lproj/LaunchScreen.storyboard; sourceTree = "<group>"; };
		7B6801102463570400BAB18D /* Info.plist */ = {isa = PBXFileReference; lastKnownFileType = text.plist.xml; path = Info.plist; sourceTree = "<group>"; };
		7B68011A2463668900BAB18D /* SystemShareExtension.appex */ = {isa = PBXFileReference; explicitFileType = "wrapper.app-extension"; includeInIndex = 0; path = SystemShareExtension.appex; sourceTree = BUILT_PRODUCTS_DIR; };
		7B68011C2463668900BAB18D /* ShareViewController.swift */ = {isa = PBXFileReference; lastKnownFileType = sourcecode.swift; path = ShareViewController.swift; sourceTree = "<group>"; };
		7B68011F2463668900BAB18D /* Base */ = {isa = PBXFileReference; lastKnownFileType = file.storyboard; name = Base; path = Base.lproj/MainInterface.storyboard; sourceTree = "<group>"; };
		7B6801212463668900BAB18D /* Info.plist */ = {isa = PBXFileReference; lastKnownFileType = text.plist.xml; path = Info.plist; sourceTree = "<group>"; };
/* End PBXFileReference section */

/* Begin PBXFrameworksBuildPhase section */
		7B6800FC2463570000BAB18D /* Frameworks */ = {
			isa = PBXFrameworksBuildPhase;
			buildActionMask = 2147483647;
			files = (
			);
			runOnlyForDeploymentPostprocessing = 0;
		};
		7B6801172463668900BAB18D /* Frameworks */ = {
			isa = PBXFrameworksBuildPhase;
			buildActionMask = 2147483647;
			files = (
			);
			runOnlyForDeploymentPostprocessing = 0;
		};
/* End PBXFrameworksBuildPhase section */

/* Begin PBXGroup section */
		7B6800F62463570000BAB18D = {
			isa = PBXGroup;
			children = (
				7B6801012463570000BAB18D /* SystemViewControllers */,
				7B68011B2463668900BAB18D /* SystemShareExtension */,
				7B6801002463570000BAB18D /* Products */,
			);
			sourceTree = "<group>";
		};
		7B6801002463570000BAB18D /* Products */ = {
			isa = PBXGroup;
			children = (
				7B6800FF2463570000BAB18D /* SystemViewControllers.app */,
				7B68011A2463668900BAB18D /* SystemShareExtension.appex */,
			);
			name = Products;
			sourceTree = "<group>";
		};
		7B6801012463570000BAB18D /* SystemViewControllers */ = {
			isa = PBXGroup;
			children = (
				7B6801022463570000BAB18D /* AppDelegate.swift */,
				7B6801042463570000BAB18D /* SceneDelegate.swift */,
				7B6801062463570000BAB18D /* ViewController.swift */,
				7B6801082463570000BAB18D /* Main.storyboard */,
				7B68010B2463570400BAB18D /* Assets.xcassets */,
				7B68010D2463570400BAB18D /* LaunchScreen.storyboard */,
				7B6801102463570400BAB18D /* Info.plist */,
			);
			path = SystemViewControllers;
			sourceTree = "<group>";
		};
		7B68011B2463668900BAB18D /* SystemShareExtension */ = {
			isa = PBXGroup;
			children = (
				7B68011C2463668900BAB18D /* ShareViewController.swift */,
				7B68011E2463668900BAB18D /* MainInterface.storyboard */,
				7B6801212463668900BAB18D /* Info.plist */,
			);
			path = SystemShareExtension;
			sourceTree = "<group>";
		};
/* End PBXGroup section */

/* Begin PBXNativeTarget section */
		7B6800FE2463570000BAB18D /* SystemViewControllers */ = {
			isa = PBXNativeTarget;
			buildConfigurationList = 7B6801132463570400BAB18D /* Build configuration list for PBXNativeTarget "SystemViewControllers" */;
			buildPhases = (
				7B6800FB2463570000BAB18D /* Sources */,
				7B6800FC2463570000BAB18D /* Frameworks */,
				7B6800FD2463570000BAB18D /* Resources */,
				7B6801282463668900BAB18D /* Embed App Extensions */,
			);
			buildRules = (
			);
			dependencies = (
				7B6801232463668900BAB18D /* PBXTargetDependency */,
			);
			name = SystemViewControllers;
			productName = SystemViewControllers;
			productReference = 7B6800FF2463570000BAB18D /* SystemViewControllers.app */;
			productType = "com.apple.product-type.application";
		};
		7B6801192463668900BAB18D /* SystemShareExtension */ = {
			isa = PBXNativeTarget;
			buildConfigurationList = 7B6801252463668900BAB18D /* Build configuration list for PBXNativeTarget "SystemShareExtension" */;
			buildPhases = (
				7B6801162463668900BAB18D /* Sources */,
				7B6801172463668900BAB18D /* Frameworks */,
				7B6801182463668900BAB18D /* Resources */,
			);
			buildRules = (
			);
			dependencies = (
			);
			name = SystemShareExtension;
			productName = SystemShareExtension;
			productReference = 7B68011A2463668900BAB18D /* SystemShareExtension.appex */;
			productType = "com.apple.product-type.app-extension";
		};
/* End PBXNativeTarget section */

/* Begin PBXProject section */
		7B6800F72463570000BAB18D /* Project object */ = {
			isa = PBXProject;
			attributes = {
				LastSwiftUpdateCheck = 1140;
				LastUpgradeCheck = 1140;
				ORGANIZATIONNAME = "Aaron Chen";
				TargetAttributes = {
					7B6800FE2463570000BAB18D = {
						CreatedOnToolsVersion = 11.4.1;
					};
					7B6801192463668900BAB18D = {
						CreatedOnToolsVersion = 11.4.1;
					};
				};
			};
			buildConfigurationList = 7B6800FA2463570000BAB18D /* Build configuration list for PBXProject "SystemViewControllers" */;
			compatibilityVersion = "Xcode 9.3";
			developmentRegion = en;
			hasScannedForEncodings = 0;
			knownRegions = (
				en,
				Base,
			);
			mainGroup = 7B6800F62463570000BAB18D;
			productRefGroup = 7B6801002463570000BAB18D /* Products */;
			projectDirPath = "";
			projectRoot = "";
			targets = (
				7B6800FE2463570000BAB18D /* SystemViewControllers */,
				7B6801192463668900BAB18D /* SystemShareExtension */,
			);
		};
/* End PBXProject section */

/* Begin PBXResourcesBuildPhase section */
		7B6800FD2463570000BAB18D /* Resources */ = {
			isa = PBXResourcesBuildPhase;
			buildActionMask = 2147483647;
			files = (
				7B68010F2463570400BAB18D /* LaunchScreen.storyboard in Resources */,
				7B68010C2463570400BAB18D /* Assets.xcassets in Resources */,
				7B68010A2463570000BAB18D /* Main.storyboard in Resources */,
			);
			runOnlyForDeploymentPostprocessing = 0;
		};
		7B6801182463668900BAB18D /* Resources */ = {
			isa = PBXResourcesBuildPhase;
			buildActionMask = 2147483647;
			files = (
				7B6801202463668900BAB18D /* MainInterface.storyboard in Resources */,
			);
			runOnlyForDeploymentPostprocessing = 0;
		};
/* End PBXResourcesBuildPhase section */

/* Begin PBXSourcesBuildPhase section */
		7B6800FB2463570000BAB18D /* Sources */ = {
			isa = PBXSourcesBuildPhase;
			buildActionMask = 2147483647;
			files = (
				7B6801072463570000BAB18D /* ViewController.swift in Sources */,
				7B6801032463570000BAB18D /* AppDelegate.swift in Sources */,
				7B6801052463570000BAB18D /* SceneDelegate.swift in Sources */,
			);
			runOnlyForDeploymentPostprocessing = 0;
		};
		7B6801162463668900BAB18D /* Sources */ = {
			isa = PBXSourcesBuildPhase;
			buildActionMask = 2147483647;
			files = (
				7B68011D2463668900BAB18D /* ShareViewController.swift in Sources */,
			);
			runOnlyForDeploymentPostprocessing = 0;
		};
/* End PBXSourcesBuildPhase section */

/* Begin PBXTargetDependency section */
		7B6801232463668900BAB18D /* PBXTargetDependency */ = {
			isa = PBXTargetDependency;
			target = 7B6801192463668900BAB18D /* SystemShareExtension */;
			targetProxy = 7B6801222463668900BAB18D /* PBXContainerItemProxy */;
		};
/* End PBXTargetDependency section */

/* Begin PBXVariantGroup section */
		7B6801082463570000BAB18D /* Main.storyboard */ = {
			isa = PBXVariantGroup;
			children = (
				7B6801092463570000BAB18D /* Base */,
			);
			name = Main.storyboard;
			sourceTree = "<group>";
		};
		7B68010D2463570400BAB18D /* LaunchScreen.storyboard */ = {
			isa = PBXVariantGroup;
			children = (
				7B68010E2463570400BAB18D /* Base */,
			);
			name = LaunchScreen.storyboard;
			sourceTree = "<group>";
		};
		7B68011E2463668900BAB18D /* MainInterface.storyboard */ = {
			isa = PBXVariantGroup;
			children = (
				7B68011F2463668900BAB18D /* Base */,
			);
			name = MainInterface.storyboard;
			sourceTree = "<group>";
		};
/* End PBXVariantGroup section */

/* Begin XCBuildConfiguration section */
		7B6801112463570400BAB18D /* Debug */ = {
			isa = XCBuildConfiguration;
			buildSettings = {
				ALWAYS_SEARCH_USER_PATHS = NO;
				CLANG_ANALYZER_NONNULL = YES;
				CLANG_ANALYZER_NUMBER_OBJECT_CONVERSION = YES_AGGRESSIVE;
				CLANG_CXX_LANGUAGE_STANDARD = "gnu++14";
				CLANG_CXX_LIBRARY = "libc++";
				CLANG_ENABLE_MODULES = YES;
				CLANG_ENABLE_OBJC_ARC = YES;
				CLANG_ENABLE_OBJC_WEAK = YES;
				CLANG_WARN_BLOCK_CAPTURE_AUTORELEASING = YES;
				CLANG_WARN_BOOL_CONVERSION = YES;
				CLANG_WARN_COMMA = YES;
				CLANG_WARN_CONSTANT_CONVERSION = YES;
				CLANG_WARN_DEPRECATED_OBJC_IMPLEMENTATIONS = YES;
				CLANG_WARN_DIRECT_OBJC_ISA_USAGE = YES_ERROR;
				CLANG_WARN_DOCUMENTATION_COMMENTS = YES;
				CLANG_WARN_EMPTY_BODY = YES;
				CLANG_WARN_ENUM_CONVERSION = YES;
				CLANG_WARN_INFINITE_RECURSION = YES;
				CLANG_WARN_INT_CONVERSION = YES;
				CLANG_WARN_NON_LITERAL_NULL_CONVERSION = YES;
				CLANG_WARN_OBJC_IMPLICIT_RETAIN_SELF = YES;
				CLANG_WARN_OBJC_LITERAL_CONVERSION = YES;
				CLANG_WARN_OBJC_ROOT_CLASS = YES_ERROR;
				CLANG_WARN_RANGE_LOOP_ANALYSIS = YES;
				CLANG_WARN_STRICT_PROTOTYPES = YES;
				CLANG_WARN_SUSPICIOUS_MOVE = YES;
				CLANG_WARN_UNGUARDED_AVAILABILITY = YES_AGGRESSIVE;
				CLANG_WARN_UNREACHABLE_CODE = YES;
				CLANG_WARN__DUPLICATE_METHOD_MATCH = YES;
				COPY_PHASE_STRIP = NO;
				DEBUG_INFORMATION_FORMAT = dwarf;
				ENABLE_STRICT_OBJC_MSGSEND = YES;
				ENABLE_TESTABILITY = YES;
				GCC_C_LANGUAGE_STANDARD = gnu11;
				GCC_DYNAMIC_NO_PIC = NO;
				GCC_NO_COMMON_BLOCKS = YES;
				GCC_OPTIMIZATION_LEVEL = 0;
				GCC_PREPROCESSOR_DEFINITIONS = (
					"DEBUG=1",
					"$(inherited)",
				);
				GCC_WARN_64_TO_32_BIT_CONVERSION = YES;
				GCC_WARN_ABOUT_RETURN_TYPE = YES_ERROR;
				GCC_WARN_UNDECLARED_SELECTOR = YES;
				GCC_WARN_UNINITIALIZED_AUTOS = YES_AGGRESSIVE;
				GCC_WARN_UNUSED_FUNCTION = YES;
				GCC_WARN_UNUSED_VARIABLE = YES;
				IPHONEOS_DEPLOYMENT_TARGET = 13.4;
				MTL_ENABLE_DEBUG_INFO = INCLUDE_SOURCE;
				MTL_FAST_MATH = YES;
				ONLY_ACTIVE_ARCH = YES;
				SDKROOT = iphoneos;
				SWIFT_ACTIVE_COMPILATION_CONDITIONS = DEBUG;
				SWIFT_OPTIMIZATION_LEVEL = "-Onone";
			};
			name = Debug;
		};
		7B6801122463570400BAB18D /* Release */ = {
			isa = XCBuildConfiguration;
			buildSettings = {
				ALWAYS_SEARCH_USER_PATHS = NO;
				CLANG_ANALYZER_NONNULL = YES;
				CLANG_ANALYZER_NUMBER_OBJECT_CONVERSION = YES_AGGRESSIVE;
				CLANG_CXX_LANGUAGE_STANDARD = "gnu++14";
				CLANG_CXX_LIBRARY = "libc++";
				CLANG_ENABLE_MODULES = YES;
				CLANG_ENABLE_OBJC_ARC = YES;
				CLANG_ENABLE_OBJC_WEAK = YES;
				CLANG_WARN_BLOCK_CAPTURE_AUTORELEASING = YES;
				CLANG_WARN_BOOL_CONVERSION = YES;
				CLANG_WARN_COMMA = YES;
				CLANG_WARN_CONSTANT_CONVERSION = YES;
				CLANG_WARN_DEPRECATED_OBJC_IMPLEMENTATIONS = YES;
				CLANG_WARN_DIRECT_OBJC_ISA_USAGE = YES_ERROR;
				CLANG_WARN_DOCUMENTATION_COMMENTS = YES;
				CLANG_WARN_EMPTY_BODY = YES;
				CLANG_WARN_ENUM_CONVERSION = YES;
				CLANG_WARN_INFINITE_RECURSION = YES;
				CLANG_WARN_INT_CONVERSION = YES;
				CLANG_WARN_NON_LITERAL_NULL_CONVERSION = YES;
				CLANG_WARN_OBJC_IMPLICIT_RETAIN_SELF = YES;
				CLANG_WARN_OBJC_LITERAL_CONVERSION = YES;
				CLANG_WARN_OBJC_ROOT_CLASS = YES_ERROR;
				CLANG_WARN_RANGE_LOOP_ANALYSIS = YES;
				CLANG_WARN_STRICT_PROTOTYPES = YES;
				CLANG_WARN_SUSPICIOUS_MOVE = YES;
				CLANG_WARN_UNGUARDED_AVAILABILITY = YES_AGGRESSIVE;
				CLANG_WARN_UNREACHABLE_CODE = YES;
				CLANG_WARN__DUPLICATE_METHOD_MATCH = YES;
				COPY_PHASE_STRIP = NO;
				DEBUG_INFORMATION_FORMAT = "dwarf-with-dsym";
				ENABLE_NS_ASSERTIONS = NO;
				ENABLE_STRICT_OBJC_MSGSEND = YES;
				GCC_C_LANGUAGE_STANDARD = gnu11;
				GCC_NO_COMMON_BLOCKS = YES;
				GCC_WARN_64_TO_32_BIT_CONVERSION = YES;
				GCC_WARN_ABOUT_RETURN_TYPE = YES_ERROR;
				GCC_WARN_UNDECLARED_SELECTOR = YES;
				GCC_WARN_UNINITIALIZED_AUTOS = YES_AGGRESSIVE;
				GCC_WARN_UNUSED_FUNCTION = YES;
				GCC_WARN_UNUSED_VARIABLE = YES;
				IPHONEOS_DEPLOYMENT_TARGET = 13.4;
				MTL_ENABLE_DEBUG_INFO = NO;
				MTL_FAST_MATH = YES;
				SDKROOT = iphoneos;
				SWIFT_COMPILATION_MODE = wholemodule;
				SWIFT_OPTIMIZATION_LEVEL = "-O";
				VALIDATE_PRODUCT = YES;
			};
			name = Release;
		};
		7B6801142463570400BAB18D /* Debug */ = {
			isa = XCBuildConfiguration;
			buildSettings = {
				ALWAYS_EMBED_SWIFT_STANDARD_LIBRARIES = YES;
				ASSETCATALOG_COMPILER_APPICON_NAME = AppIcon;
				CODE_SIGN_STYLE = Automatic;
				DEVELOPMENT_TEAM = 3DMF2RTT68;
				INFOPLIST_FILE = SystemViewControllers/Info.plist;
				LD_RUNPATH_SEARCH_PATHS = (
					"$(inherited)",
					"@executable_path/Frameworks",
				);
				PRODUCT_BUNDLE_IDENTIFIER = AaronCChen.SystemViewControllers;
				PRODUCT_NAME = "$(TARGET_NAME)";
				SWIFT_VERSION = 5.0;
				TARGETED_DEVICE_FAMILY = "1,2";
			};
			name = Debug;
		};
		7B6801152463570400BAB18D /* Release */ = {
			isa = XCBuildConfiguration;
			buildSettings = {
				ALWAYS_EMBED_SWIFT_STANDARD_LIBRARIES = YES;
				ASSETCATALOG_COMPILER_APPICON_NAME = AppIcon;
				CODE_SIGN_STYLE = Automatic;
				DEVELOPMENT_TEAM = 3DMF2RTT68;
				INFOPLIST_FILE = SystemViewControllers/Info.plist;
				LD_RUNPATH_SEARCH_PATHS = (
					"$(inherited)",
					"@executable_path/Frameworks",
				);
				PRODUCT_BUNDLE_IDENTIFIER = AaronCChen.SystemViewControllers;
				PRODUCT_NAME = "$(TARGET_NAME)";
				SWIFT_VERSION = 5.0;
				TARGETED_DEVICE_FAMILY = "1,2";
			};
			name = Release;
		};
		7B6801262463668900BAB18D /* Debug */ = {
			isa = XCBuildConfiguration;
			buildSettings = {
				CODE_SIGN_STYLE = Automatic;
				DEVELOPMENT_TEAM = 3DMF2RTT68;
				INFOPLIST_FILE = SystemShareExtension/Info.plist;
				LD_RUNPATH_SEARCH_PATHS = (
					"$(inherited)",
					"@executable_path/Frameworks",
					"@executable_path/../../Frameworks",
				);
				PRODUCT_BUNDLE_IDENTIFIER = AaronCChen.SystemViewControllers.SystemShareExtension;
				PRODUCT_NAME = "$(TARGET_NAME)";
				SKIP_INSTALL = YES;
				SWIFT_VERSION = 5.0;
				TARGETED_DEVICE_FAMILY = "1,2";
			};
			name = Debug;
		};
		7B6801272463668900BAB18D /* Release */ = {
			isa = XCBuildConfiguration;
			buildSettings = {
				CODE_SIGN_STYLE = Automatic;
				DEVELOPMENT_TEAM = 3DMF2RTT68;
				INFOPLIST_FILE = SystemShareExtension/Info.plist;
				LD_RUNPATH_SEARCH_PATHS = (
					"$(inherited)",
					"@executable_path/Frameworks",
					"@executable_path/../../Frameworks",
				);
				PRODUCT_BUNDLE_IDENTIFIER = AaronCChen.SystemViewControllers.SystemShareExtension;
				PRODUCT_NAME = "$(TARGET_NAME)";
				SKIP_INSTALL = YES;
				SWIFT_VERSION = 5.0;
				TARGETED_DEVICE_FAMILY = "1,2";
			};
			name = Release;
		};
/* End XCBuildConfiguration section */

/* Begin XCConfigurationList section */
		7B6800FA2463570000BAB18D /* Build configuration list for PBXProject "SystemViewControllers" */ = {
			isa = XCConfigurationList;
			buildConfigurations = (
				7B6801112463570400BAB18D /* Debug */,
				7B6801122463570400BAB18D /* Release */,
			);
			defaultConfigurationIsVisible = 0;
			defaultConfigurationName = Release;
		};
		7B6801132463570400BAB18D /* Build configuration list for PBXNativeTarget "SystemViewControllers" */ = {
			isa = XCConfigurationList;
			buildConfigurations = (
				7B6801142463570400BAB18D /* Debug */,
				7B6801152463570400BAB18D /* Release */,
			);
			defaultConfigurationIsVisible = 0;
			defaultConfigurationName = Release;
		};
		7B6801252463668900BAB18D /* Build configuration list for PBXNativeTarget "SystemShareExtension" */ = {
			isa = XCConfigurationList;
			buildConfigurations = (
				7B6801262463668900BAB18D /* Debug */,
				7B6801272463668900BAB18D /* Release */,
			);
			defaultConfigurationIsVisible = 0;
			defaultConfigurationName = Release;
		};
/* End XCConfigurationList section */
	};
	rootObject = 7B6800F72463570000BAB18D /* Project object */;
}
